// !$*UTF8*$!
{
	archiveVersion = 1;
	classes = {
	};
	objectVersion = 55;
	objects = {

/* Begin PBXBuildFile section */
		C14703712813BBFD004BA42A /* AppDelegate.swift in Sources */ = {isa = PBXBuildFile; fileRef = C14703702813BBFD004BA42A /* AppDelegate.swift */; };
		C14703732813BBFD004BA42A /* SceneDelegate.swift in Sources */ = {isa = PBXBuildFile; fileRef = C14703722813BBFD004BA42A /* SceneDelegate.swift */; };
		C14703752813BBFD004BA42A /* ViewController.swift in Sources */ = {isa = PBXBuildFile; fileRef = C14703742813BBFD004BA42A /* ViewController.swift */; };
		C14703782813BBFD004BA42A /* Main.storyboard in Resources */ = {isa = PBXBuildFile; fileRef = C14703762813BBFD004BA42A /* Main.storyboard */; };
		C147037A2813BBFF004BA42A /* Assets.xcassets in Resources */ = {isa = PBXBuildFile; fileRef = C14703792813BBFF004BA42A /* Assets.xcassets */; };
		C147037D2813BBFF004BA42A /* LaunchScreen.storyboard in Resources */ = {isa = PBXBuildFile; fileRef = C147037B2813BBFF004BA42A /* LaunchScreen.storyboard */; };
		C14703862813BC22004BA42A /* DispatchQueue+Extensions.swift in Sources */ = {isa = PBXBuildFile; fileRef = C14703852813BC22004BA42A /* DispatchQueue+Extensions.swift */; };
		C147038C2813BC6D004BA42A /* NewsViewModel.swift in Sources */ = {isa = PBXBuildFile; fileRef = C147038B2813BC6D004BA42A /* NewsViewModel.swift */; };
		C147038E2813BC7A004BA42A /* News.swift in Sources */ = {isa = PBXBuildFile; fileRef = C147038D2813BC7A004BA42A /* News.swift */; };
		C14703902813BC88004BA42A /* Service.swift in Sources */ = {isa = PBXBuildFile; fileRef = C147038F2813BC88004BA42A /* Service.swift */; };
		C14703922813BC95004BA42A /* ImageDownloader.swift in Sources */ = {isa = PBXBuildFile; fileRef = C14703912813BC95004BA42A /* ImageDownloader.swift */; };
		C14703942813BCA1004BA42A /* Parser.swift in Sources */ = {isa = PBXBuildFile; fileRef = C14703932813BCA1004BA42A /* Parser.swift */; };
		C14703962813BCB2004BA42A /* TableViewCell.swift in Sources */ = {isa = PBXBuildFile; fileRef = C14703952813BCB2004BA42A /* TableViewCell.swift */; };
/* End PBXBuildFile section */

/* Begin PBXFileReference section */
		C147036D2813BBFD004BA42A /* MVVMDemo.app */ = {isa = PBXFileReference; explicitFileType = wrapper.application; includeInIndex = 0; path = MVVMDemo.app; sourceTree = BUILT_PRODUCTS_DIR; };
		C14703702813BBFD004BA42A /* AppDelegate.swift */ = {isa = PBXFileReference; lastKnownFileType = sourcecode.swift; path = AppDelegate.swift; sourceTree = "<group>"; };
		C14703722813BBFD004BA42A /* SceneDelegate.swift */ = {isa = PBXFileReference; lastKnownFileType = sourcecode.swift; path = SceneDelegate.swift; sourceTree = "<group>"; };
		C14703742813BBFD004BA42A /* ViewController.swift */ = {isa = PBXFileReference; lastKnownFileType = sourcecode.swift; path = ViewController.swift; sourceTree = "<group>"; };
		C14703772813BBFD004BA42A /* Base */ = {isa = PBXFileReference; lastKnownFileType = file.storyboard; name = Base; path = Base.lproj/Main.storyboard; sourceTree = "<group>"; };
		C14703792813BBFF004BA42A /* Assets.xcassets */ = {isa = PBXFileReference; lastKnownFileType = folder.assetcatalog; path = Assets.xcassets; sourceTree = "<group>"; };
		C147037C2813BBFF004BA42A /* Base */ = {isa = PBXFileReference; lastKnownFileType = file.storyboard; name = Base; path = Base.lproj/LaunchScreen.storyboard; sourceTree = "<group>"; };
		C147037E2813BBFF004BA42A /* Info.plist */ = {isa = PBXFileReference; lastKnownFileType = text.plist.xml; path = Info.plist; sourceTree = "<group>"; };
		C14703852813BC22004BA42A /* DispatchQueue+Extensions.swift */ = {isa = PBXFileReference; lastKnownFileType = sourcecode.swift; path = "DispatchQueue+Extensions.swift"; sourceTree = "<group>"; };
		C147038B2813BC6D004BA42A /* NewsViewModel.swift */ = {isa = PBXFileReference; lastKnownFileType = sourcecode.swift; path = NewsViewModel.swift; sourceTree = "<group>"; };
		C147038D2813BC7A004BA42A /* News.swift */ = {isa = PBXFileReference; lastKnownFileType = sourcecode.swift; path = News.swift; sourceTree = "<group>"; };
		C147038F2813BC88004BA42A /* Service.swift */ = {isa = PBXFileReference; lastKnownFileType = sourcecode.swift; path = Service.swift; sourceTree = "<group>"; };
		C14703912813BC95004BA42A /* ImageDownloader.swift */ = {isa = PBXFileReference; lastKnownFileType = sourcecode.swift; path = ImageDownloader.swift; sourceTree = "<group>"; };
		C14703932813BCA1004BA42A /* Parser.swift */ = {isa = PBXFileReference; lastKnownFileType = sourcecode.swift; path = Parser.swift; sourceTree = "<group>"; };
		C14703952813BCB2004BA42A /* TableViewCell.swift */ = {isa = PBXFileReference; lastKnownFileType = sourcecode.swift; path = TableViewCell.swift; sourceTree = "<group>"; };
/* End PBXFileReference section */

/* Begin PBXFrameworksBuildPhase section */
		C147036A2813BBFD004BA42A /* Frameworks */ = {
			isa = PBXFrameworksBuildPhase;
			buildActionMask = 2147483647;
			files = (
			);
			runOnlyForDeploymentPostprocessing = 0;
		};
/* End PBXFrameworksBuildPhase section */

/* Begin PBXGroup section */
		C14703642813BBFD004BA42A = {
			isa = PBXGroup;
			children = (
				C147036F2813BBFD004BA42A /* MVVMDemo */,
				C147036E2813BBFD004BA42A /* Products */,
			);
			sourceTree = "<group>";
		};
		C147036E2813BBFD004BA42A /* Products */ = {
			isa = PBXGroup;
			children = (
				C147036D2813BBFD004BA42A /* MVVMDemo.app */,
			);
			name = Products;
			sourceTree = "<group>";
		};
		C147036F2813BBFD004BA42A /* MVVMDemo */ = {
			isa = PBXGroup;
			children = (
				C147038A2813BC52004BA42A /* View */,
				C14703892813BC48004BA42A /* Service */,
				C14703882813BC42004BA42A /* Model */,
				C14703872813BC37004BA42A /* ViewModel */,
				C14703842813BC0A004BA42A /* Extensions */,
				C14703702813BBFD004BA42A /* AppDelegate.swift */,
				C14703722813BBFD004BA42A /* SceneDelegate.swift */,
				C14703762813BBFD004BA42A /* Main.storyboard */,
				C14703792813BBFF004BA42A /* Assets.xcassets */,
				C147037B2813BBFF004BA42A /* LaunchScreen.storyboard */,
				C147037E2813BBFF004BA42A /* Info.plist */,
			);
			path = MVVMDemo;
			sourceTree = "<group>";
		};
		C14703842813BC0A004BA42A /* Extensions */ = {
			isa = PBXGroup;
			children = (
				C14703852813BC22004BA42A /* DispatchQueue+Extensions.swift */,
			);
			path = Extensions;
			sourceTree = "<group>";
		};
		C14703872813BC37004BA42A /* ViewModel */ = {
			isa = PBXGroup;
			children = (
				C147038B2813BC6D004BA42A /* NewsViewModel.swift */,
			);
			path = ViewModel;
			sourceTree = "<group>";
		};
		C14703882813BC42004BA42A /* Model */ = {
			isa = PBXGroup;
			children = (
				C147038D2813BC7A004BA42A /* News.swift */,
			);
			path = Model;
			sourceTree = "<group>";
		};
		C14703892813BC48004BA42A /* Service */ = {
			isa = PBXGroup;
			children = (
				C147038F2813BC88004BA42A /* Service.swift */,
				C14703912813BC95004BA42A /* ImageDownloader.swift */,
				C14703932813BCA1004BA42A /* Parser.swift */,
			);
			path = Service;
			sourceTree = "<group>";
		};
		C147038A2813BC52004BA42A /* View */ = {
			isa = PBXGroup;
			children = (
				C14703742813BBFD004BA42A /* ViewController.swift */,
				C14703952813BCB2004BA42A /* TableViewCell.swift */,
			);
			path = View;
			sourceTree = "<group>";
		};
/* End PBXGroup section */

/* Begin PBXNativeTarget section */
		C147036C2813BBFD004BA42A /* MVVMDemo */ = {
			isa = PBXNativeTarget;
			buildConfigurationList = C14703812813BBFF004BA42A /* Build configuration list for PBXNativeTarget "MVVMDemo" */;
			buildPhases = (
				C14703692813BBFD004BA42A /* Sources */,
				C147036A2813BBFD004BA42A /* Frameworks */,
				C147036B2813BBFD004BA42A /* Resources */,
			);
			buildRules = (
			);
			dependencies = (
			);
			name = MVVMDemo;
			productName = MVVMDemo;
			productReference = C147036D2813BBFD004BA42A /* MVVMDemo.app */;
			productType = "com.apple.product-type.application";
		};
/* End PBXNativeTarget section */

/* Begin PBXProject section */
		C14703652813BBFD004BA42A /* Project object */ = {
			isa = PBXProject;
			attributes = {
				BuildIndependentTargetsInParallel = 1;
				LastSwiftUpdateCheck = 1300;
				LastUpgradeCheck = 1300;
				TargetAttributes = {
					C147036C2813BBFD004BA42A = {
						CreatedOnToolsVersion = 13.0;
					};
				};
			};
			buildConfigurationList = C14703682813BBFD004BA42A /* Build configuration list for PBXProject "MVVMDemo" */;
			compatibilityVersion = "Xcode 13.0";
			developmentRegion = en;
			hasScannedForEncodings = 0;
			knownRegions = (
				en,
				Base,
			);
			mainGroup = C14703642813BBFD004BA42A;
			productRefGroup = C147036E2813BBFD004BA42A /* Products */;
			projectDirPath = "";
			projectRoot = "";
			targets = (
				C147036C2813BBFD004BA42A /* MVVMDemo */,
			);
		};
/* End PBXProject section */

/* Begin PBXResourcesBuildPhase section */
		C147036B2813BBFD004BA42A /* Resources */ = {
			isa = PBXResourcesBuildPhase;
			buildActionMask = 2147483647;
			files = (
				C147037D2813BBFF004BA42A /* LaunchScreen.storyboard in Resources */,
				C147037A2813BBFF004BA42A /* Assets.xcassets in Resources */,
				C14703782813BBFD004BA42A /* Main.storyboard in Resources */,
			);
			runOnlyForDeploymentPostprocessing = 0;
		};
/* End PBXResourcesBuildPhase section */

/* Begin PBXSourcesBuildPhase section */
		C14703692813BBFD004BA42A /* Sources */ = {
			isa = PBXSourcesBuildPhase;
			buildActionMask = 2147483647;
			files = (
				C147038E2813BC7A004BA42A /* News.swift in Sources */,
				C14703902813BC88004BA42A /* Service.swift in Sources */,
				C14703922813BC95004BA42A /* ImageDownloader.swift in Sources */,
				C14703752813BBFD004BA42A /* ViewController.swift in Sources */,
				C14703862813BC22004BA42A /* DispatchQueue+Extensions.swift in Sources */,
				C14703962813BCB2004BA42A /* TableViewCell.swift in Sources */,
				C14703942813BCA1004BA42A /* Parser.swift in Sources */,
				C147038C2813BC6D004BA42A /* NewsViewModel.swift in Sources */,
				C14703712813BBFD004BA42A /* AppDelegate.swift in Sources */,
				C14703732813BBFD004BA42A /* SceneDelegate.swift in Sources */,
			);
			runOnlyForDeploymentPostprocessing = 0;
		};
/* End PBXSourcesBuildPhase section */

/* Begin PBXVariantGroup section */
		C14703762813BBFD004BA42A /* Main.storyboard */ = {
			isa = PBXVariantGroup;
			children = (
				C14703772813BBFD004BA42A /* Base */,
			);
			name = Main.storyboard;
			sourceTree = "<group>";
		};
		C147037B2813BBFF004BA42A /* LaunchScreen.storyboard */ = {
			isa = PBXVariantGroup;
			children = (
				C147037C2813BBFF004BA42A /* Base */,
			);
			name = LaunchScreen.storyboard;
			sourceTree = "<group>";
		};
/* End PBXVariantGroup section */

/* Begin XCBuildConfiguration section */
		C147037F2813BBFF004BA42A /* Debug */ = {
			isa = XCBuildConfiguration;
			buildSettings = {
				ALWAYS_SEARCH_USER_PATHS = NO;
				CLANG_ANALYZER_NONNULL = YES;
				CLANG_ANALYZER_NUMBER_OBJECT_CONVERSION = YES_AGGRESSIVE;
				CLANG_CXX_LANGUAGE_STANDARD = "gnu++17";
				CLANG_CXX_LIBRARY = "libc++";
				CLANG_ENABLE_MODULES = YES;
				CLANG_ENABLE_OBJC_ARC = YES;
				CLANG_ENABLE_OBJC_WEAK = YES;
				CLANG_WARN_BLOCK_CAPTURE_AUTORELEASING = YES;
				CLANG_WARN_BOOL_CONVERSION = YES;
				CLANG_WARN_COMMA = YES;
				CLANG_WARN_CONSTANT_CONVERSION = YES;
				CLANG_WARN_DEPRECATED_OBJC_IMPLEMENTATIONS = YES;
				CLANG_WARN_DIRECT_OBJC_ISA_USAGE = YES_ERROR;
				CLANG_WARN_DOCUMENTATION_COMMENTS = YES;
				CLANG_WARN_EMPTY_BODY = YES;
				CLANG_WARN_ENUM_CONVERSION = YES;
				CLANG_WARN_INFINITE_RECURSION = YES;
				CLANG_WARN_INT_CONVERSION = YES;
				CLANG_WARN_NON_LITERAL_NULL_CONVERSION = YES;
				CLANG_WARN_OBJC_IMPLICIT_RETAIN_SELF = YES;
				CLANG_WARN_OBJC_LITERAL_CONVERSION = YES;
				CLANG_WARN_OBJC_ROOT_CLASS = YES_ERROR;
				CLANG_WARN_QUOTED_INCLUDE_IN_FRAMEWORK_HEADER = YES;
				CLANG_WARN_RANGE_LOOP_ANALYSIS = YES;
				CLANG_WARN_STRICT_PROTOTYPES = YES;
				CLANG_WARN_SUSPICIOUS_MOVE = YES;
				CLANG_WARN_UNGUARDED_AVAILABILITY = YES_AGGRESSIVE;
				CLANG_WARN_UNREACHABLE_CODE = YES;
				CLANG_WARN__DUPLICATE_METHOD_MATCH = YES;
				COPY_PHASE_STRIP = NO;
				DEBUG_INFORMATION_FORMAT = dwarf;
				ENABLE_STRICT_OBJC_MSGSEND = YES;
				ENABLE_TESTABILITY = YES;
				GCC_C_LANGUAGE_STANDARD = gnu11;
				GCC_DYNAMIC_NO_PIC = NO;
				GCC_NO_COMMON_BLOCKS = YES;
				GCC_OPTIMIZATION_LEVEL = 0;
				GCC_PREPROCESSOR_DEFINITIONS = (
					"DEBUG=1",
					"$(inherited)",
				);
				GCC_WARN_64_TO_32_BIT_CONVERSION = YES;
				GCC_WARN_ABOUT_RETURN_TYPE = YES_ERROR;
				GCC_WARN_UNDECLARED_SELECTOR = YES;
				GCC_WARN_UNINITIALIZED_AUTOS = YES_AGGRESSIVE;
				GCC_WARN_UNUSED_FUNCTION = YES;
				GCC_WARN_UNUSED_VARIABLE = YES;
				IPHONEOS_DEPLOYMENT_TARGET = 15.0;
				MTL_ENABLE_DEBUG_INFO = INCLUDE_SOURCE;
				MTL_FAST_MATH = YES;
				ONLY_ACTIVE_ARCH = YES;
				SDKROOT = iphoneos;
				SWIFT_ACTIVE_COMPILATION_CONDITIONS = DEBUG;
				SWIFT_OPTIMIZATION_LEVEL = "-Onone";
			};
			name = Debug;
		};
		C14703802813BBFF004BA42A /* Release */ = {
			isa = XCBuildConfiguration;
			buildSettings = {
				ALWAYS_SEARCH_USER_PATHS = NO;
				CLANG_ANALYZER_NONNULL = YES;
				CLANG_ANALYZER_NUMBER_OBJECT_CONVERSION = YES_AGGRESSIVE;
				CLANG_CXX_LANGUAGE_STANDARD = "gnu++17";
				CLANG_CXX_LIBRARY = "libc++";
				CLANG_ENABLE_MODULES = YES;
				CLANG_ENABLE_OBJC_ARC = YES;
				CLANG_ENABLE_OBJC_WEAK = YES;
				CLANG_WARN_BLOCK_CAPTURE_AUTORELEASING = YES;
				CLANG_WARN_BOOL_CONVERSION = YES;
				CLANG_WARN_COMMA = YES;
				CLANG_WARN_CONSTANT_CONVERSION = YES;
				CLANG_WARN_DEPRECATED_OBJC_IMPLEMENTATIONS = YES;
				CLANG_WARN_DIRECT_OBJC_ISA_USAGE = YES_ERROR;
				CLANG_WARN_DOCUMENTATION_COMMENTS = YES;
				CLANG_WARN_EMPTY_BODY = YES;
				CLANG_WARN_ENUM_CONVERSION = YES;
				CLANG_WARN_INFINITE_RECURSION = YES;
				CLANG_WARN_INT_CONVERSION = YES;
				CLANG_WARN_NON_LITERAL_NULL_CONVERSION = YES;
				CLANG_WARN_OBJC_IMPLICIT_RETAIN_SELF = YES;
				CLANG_WARN_OBJC_LITERAL_CONVERSION = YES;
				CLANG_WARN_OBJC_ROOT_CLASS = YES_ERROR;
				CLANG_WARN_QUOTED_INCLUDE_IN_FRAMEWORK_HEADER = YES;
				CLANG_WARN_RANGE_LOOP_ANALYSIS = YES;
				CLANG_WARN_STRICT_PROTOTYPES = YES;
				CLANG_WARN_SUSPICIOUS_MOVE = YES;
				CLANG_WARN_UNGUARDED_AVAILABILITY = YES_AGGRESSIVE;
				CLANG_WARN_UNREACHABLE_CODE = YES;
				CLANG_WARN__DUPLICATE_METHOD_MATCH = YES;
				COPY_PHASE_STRIP = NO;
				DEBUG_INFORMATION_FORMAT = "dwarf-with-dsym";
				ENABLE_NS_ASSERTIONS = NO;
				ENABLE_STRICT_OBJC_MSGSEND = YES;
				GCC_C_LANGUAGE_STANDARD = gnu11;
				GCC_NO_COMMON_BLOCKS = YES;
				GCC_WARN_64_TO_32_BIT_CONVERSION = YES;
				GCC_WARN_ABOUT_RETURN_TYPE = YES_ERROR;
				GCC_WARN_UNDECLARED_SELECTOR = YES;
				GCC_WARN_UNINITIALIZED_AUTOS = YES_AGGRESSIVE;
				GCC_WARN_UNUSED_FUNCTION = YES;
				GCC_WARN_UNUSED_VARIABLE = YES;
				IPHONEOS_DEPLOYMENT_TARGET = 15.0;
				MTL_ENABLE_DEBUG_INFO = NO;
				MTL_FAST_MATH = YES;
				SDKROOT = iphoneos;
				SWIFT_COMPILATION_MODE = wholemodule;
				SWIFT_OPTIMIZATION_LEVEL = "-O";
				VALIDATE_PRODUCT = YES;
			};
			name = Release;
		};
		C14703822813BBFF004BA42A /* Debug */ = {
			isa = XCBuildConfiguration;
			buildSettings = {
				ASSETCATALOG_COMPILER_APPICON_NAME = AppIcon;
				ASSETCATALOG_COMPILER_GLOBAL_ACCENT_COLOR_NAME = AccentColor;
				CODE_SIGN_STYLE = Automatic;
				CURRENT_PROJECT_VERSION = 1;
				DEVELOPMENT_TEAM = DXZ5VF8836;
				GENERATE_INFOPLIST_FILE = YES;
				INFOPLIST_FILE = MVVMDemo/Info.plist;
				INFOPLIST_KEY_UIApplicationSupportsIndirectInputEvents = YES;
				INFOPLIST_KEY_UILaunchStoryboardName = LaunchScreen;
				INFOPLIST_KEY_UIMainStoryboardFile = Main;
				INFOPLIST_KEY_UISupportedInterfaceOrientations_iPad = "UIInterfaceOrientationPortrait UIInterfaceOrientationPortraitUpsideDown UIInterfaceOrientationLandscapeLeft UIInterfaceOrientationLandscapeRight";
				INFOPLIST_KEY_UISupportedInterfaceOrientations_iPhone = "UIInterfaceOrientationPortrait UIInterfaceOrientationLandscapeLeft UIInterfaceOrientationLandscapeRight";
				LD_RUNPATH_SEARCH_PATHS = (
					"$(inherited)",
					"@executable_path/Frameworks",
				);
				MARKETING_VERSION = 1.0;
				PRODUCT_BUNDLE_IDENTIFIER = com.module.MVVMDemo;
				PRODUCT_NAME = "$(TARGET_NAME)";
				SWIFT_EMIT_LOC_STRINGS = YES;
				SWIFT_VERSION = 5.0;
				TARGETED_DEVICE_FAMILY = "1,2";
			};
			name = Debug;
		};
		C14703832813BBFF004BA42A /* Release */ = {
			isa = XCBuildConfiguration;
			buildSettings = {
				ASSETCATALOG_COMPILER_APPICON_NAME = AppIcon;
				ASSETCATALOG_COMPILER_GLOBAL_ACCENT_COLOR_NAME = AccentColor;
				CODE_SIGN_STYLE = Automatic;
				CURRENT_PROJECT_VERSION = 1;
				DEVELOPMENT_TEAM = DXZ5VF8836;
				GENERATE_INFOPLIST_FILE = YES;
				INFOPLIST_FILE = MVVMDemo/Info.plist;
				INFOPLIST_KEY_UIApplicationSupportsIndirectInputEvents = YES;
				INFOPLIST_KEY_UILaunchStoryboardName = LaunchScreen;
				INFOPLIST_KEY_UIMainStoryboardFile = Main;
				INFOPLIST_KEY_UISupportedInterfaceOrientations_iPad = "UIInterfaceOrientationPortrait UIInterfaceOrientationPortraitUpsideDown UIInterfaceOrientationLandscapeLeft UIInterfaceOrientationLandscapeRight";
				INFOPLIST_KEY_UISupportedInterfaceOrientations_iPhone = "UIInterfaceOrientationPortrait UIInterfaceOrientationLandscapeLeft UIInterfaceOrientationLandscapeRight";
				LD_RUNPATH_SEARCH_PATHS = (
					"$(inherited)",
					"@executable_path/Frameworks",
				);
				MARKETING_VERSION = 1.0;
				PRODUCT_BUNDLE_IDENTIFIER = com.module.MVVMDemo;
				PRODUCT_NAME = "$(TARGET_NAME)";
				SWIFT_EMIT_LOC_STRINGS = YES;
				SWIFT_VERSION = 5.0;
				TARGETED_DEVICE_FAMILY = "1,2";
			};
			name = Release;
		};
/* End XCBuildConfiguration section */

/* Begin XCConfigurationList section */
		C14703682813BBFD004BA42A /* Build configuration list for PBXProject "MVVMDemo" */ = {
			isa = XCConfigurationList;
			buildConfigurations = (
				C147037F2813BBFF004BA42A /* Debug */,
				C14703802813BBFF004BA42A /* Release */,
			);
			defaultConfigurationIsVisible = 0;
			defaultConfigurationName = Release;
		};
		C14703812813BBFF004BA42A /* Build configuration list for PBXNativeTarget "MVVMDemo" */ = {
			isa = XCConfigurationList;
			buildConfigurations = (
				C14703822813BBFF004BA42A /* Debug */,
				C14703832813BBFF004BA42A /* Release */,
			);
			defaultConfigurationIsVisible = 0;
			defaultConfigurationName = Release;
		};
/* End XCConfigurationList section */
	};
	rootObject = C14703652813BBFD004BA42A /* Project object */;
}
